
Microsoft Visual Studio Solution File, Format Version 12.00
# Visual Studio 15
VisualStudioVersion = 15.0.27428.1
MinimumVisualStudioVersion = 10.0.40219.1
Project("{FAE04EC0-301F-11D3-BF4B-00C04F79EFBC}") = "BitmonGráfico", "BitmonGráfico\BitmonGráfico.csproj", "{5FEE555A-A3E8-4D90-AEF9-45CCED88E50A}"
EndProject
Project("{FAE04EC0-301F-11D3-BF4B-00C04F79EFBC}") = "Modelo", "Modelo\Modelo.csproj", "{C4CF5B7E-DA65-44DF-B8F6-6F8E915234D0}"
EndProject
Global
	GlobalSection(SolutionConfigurationPlatforms) = preSolution
		Debug|Any CPU = Debug|Any CPU
		Release|Any CPU = Release|Any CPU
	EndGlobalSection
	GlobalSection(ProjectConfigurationPlatforms) = postSolution
		{5FEE555A-A3E8-4D90-AEF9-45CCED88E50A}.Debug|Any CPU.ActiveCfg = Debug|Any CPU
		{5FEE555A-A3E8-4D90-AEF9-45CCED88E50A}.Debug|Any CPU.Build.0 = Debug|Any CPU
		{5FEE555A-A3E8-4D90-AEF9-45CCED88E50A}.Release|Any CPU.ActiveCfg = Release|Any CPU
		{5FEE555A-A3E8-4D90-AEF9-45CCED88E50A}.Release|Any CPU.Build.0 = Release|Any CPU
		{C4CF5B7E-DA65-44DF-B8F6-6F8E915234D0}.Debug|Any CPU.ActiveCfg = Debug|Any CPU
		{C4CF5B7E-DA65-44DF-B8F6-6F8E915234D0}.Debug|Any CPU.Build.0 = Debug|Any CPU
		{C4CF5B7E-DA65-44DF-B8F6-6F8E915234D0}.Release|Any CPU.ActiveCfg = Release|Any CPU
		{C4CF5B7E-DA65-44DF-B8F6-6F8E915234D0}.Release|Any CPU.Build.0 = Release|Any CPU
	EndGlobalSection
	GlobalSection(SolutionProperties) = preSolution
		HideSolutionNode = FALSE
	EndGlobalSection
	GlobalSection(ExtensibilityGlobals) = postSolution
		SolutionGuid = {9D8133E8-534B-4DDE-8E57-AD5DA037F3D6}
	EndGlobalSection
EndGlobal
